
Microsoft Visual Studio Solution File, Format Version 12.00
# Visual Studio 15
VisualStudioVersion = 15.0.28307.271
MinimumVisualStudioVersion = 10.0.40219.1
Project("{FAE04EC0-301F-11D3-BF4B-00C04F79EFBC}") = "Golden_Dragon", "Golden_Dragon\Golden_Dragon.csproj", "{572C0F4B-32D9-489C-B065-09835AAB80FC}"
EndProject
Global
	GlobalSection(SolutionConfigurationPlatforms) = preSolution
		Debug|Any CPU = Debug|Any CPU
		Release|Any CPU = Release|Any CPU
	EndGlobalSection
	GlobalSection(ProjectConfigurationPlatforms) = postSolution
		{572C0F4B-32D9-489C-B065-09835AAB80FC}.Debug|Any CPU.ActiveCfg = Debug|Any CPU
		{572C0F4B-32D9-489C-B065-09835AAB80FC}.Debug|Any CPU.Build.0 = Debug|Any CPU
		{572C0F4B-32D9-489C-B065-09835AAB80FC}.Release|Any CPU.ActiveCfg = Release|Any CPU
		{572C0F4B-32D9-489C-B065-09835AAB80FC}.Release|Any CPU.Build.0 = Release|Any CPU
	EndGlobalSection
	GlobalSection(SolutionProperties) = preSolution
		HideSolutionNode = FALSE
	EndGlobalSection
	GlobalSection(ExtensibilityGlobals) = postSolution
		SolutionGuid = {1091DF4C-2435-4A93-81CA-00AB49FCB364}
	EndGlobalSection
EndGlobal
